
Microsoft Visual Studio Solution File, Format Version 12.00
# Visual Studio Version 16
VisualStudioVersion = 16.0.31313.79
MinimumVisualStudioVersion = 10.0.40219.1
Project("{FAE04EC0-301F-11D3-BF4B-00C04F79EFBC}") = "LineComparision", "LineComparision\LineComparision.csproj", "{B83D28DB-956A-4D45-9731-F4AE105EA513}"
EndProject
Global
	GlobalSection(SolutionConfigurationPlatforms) = preSolution
		Debug|Any CPU = Debug|Any CPU
		Release|Any CPU = Release|Any CPU
	EndGlobalSection
	GlobalSection(ProjectConfigurationPlatforms) = postSolution
		{B83D28DB-956A-4D45-9731-F4AE105EA513}.Debug|Any CPU.ActiveCfg = Debug|Any CPU
		{B83D28DB-956A-4D45-9731-F4AE105EA513}.Debug|Any CPU.Build.0 = Debug|Any CPU
		{B83D28DB-956A-4D45-9731-F4AE105EA513}.Release|Any CPU.ActiveCfg = Release|Any CPU
		{B83D28DB-956A-4D45-9731-F4AE105EA513}.Release|Any CPU.Build.0 = Release|Any CPU
	EndGlobalSection
	GlobalSection(SolutionProperties) = preSolution
		HideSolutionNode = FALSE
	EndGlobalSection
	GlobalSection(ExtensibilityGlobals) = postSolution
		SolutionGuid = {7F10D4D5-D481-47BF-BF19-14F4780EB006}
	EndGlobalSection
EndGlobal
